PODS:
  - RxCocoa (3.6.0):
    - RxSwift (~> 3.6)
  - RxSwift (3.6.0)

DEPENDENCIES:
  - RxCocoa (~> 3.0)
  - RxSwift (~> 3.0)

SPEC CHECKSUMS:
  RxCocoa: cb865569239ebf1b1434056e5c8859d99dff103a
  RxSwift: a0925c7fb11fbe60055285f6f2062241aa37a175

PODFILE CHECKSUM: 073e32bb3ebe25601f73c88332e21dd7c9a99d92

COCOAPODS: 1.2.0
