PODS:
  - RxCocoa (3.6.0):
    - RxSwift (~> 3.6)
  - RxSwift (3.6.0)
  - Swinject (2.1.0)

DEPENDENCIES:
  - RxCocoa (~> 3.0)
  - RxSwift (~> 3.0)
  - Swinject (~> 2.1.0)

SPEC CHECKSUMS:
  RxCocoa: cb865569239ebf1b1434056e5c8859d99dff103a
  RxSwift: a0925c7fb11fbe60055285f6f2062241aa37a175
  Swinject: 85e468ac75c5c2d234076f98c591d57d56bc64bc

PODFILE CHECKSUM: 3b48b71d9ecab2ea77f388c11e96a5ee8d1cb979

COCOAPODS: 1.2.0
