// !$*UTF8*$!
{
	archiveVersion = 1;
	classes = {
	};
	objectVersion = 46;
	objects = {

/* Begin PBXBuildFile section */
		26EDFA663F52D9BC48C65EBE /* Pods_MoyaCancelTests.framework in Frameworks */ = {isa = PBXBuildFile; fileRef = B6DBF8C2F1660EAF8DE342DF /* Pods_MoyaCancelTests.framework */; };
		A97CA7E83D69B14B68F49F25 /* Pods_MoyaCancel.framework in Frameworks */ = {isa = PBXBuildFile; fileRef = 0B73B66524EE5F57355AC4FC /* Pods_MoyaCancel.framework */; };
		D88ACB8D1F63D8C3001CC617 /* AppDelegate.swift in Sources */ = {isa = PBXBuildFile; fileRef = D88ACB8C1F63D8C3001CC617 /* AppDelegate.swift */; };
		D88ACB8F1F63D8C3001CC617 /* ViewController.swift in Sources */ = {isa = PBXBuildFile; fileRef = D88ACB8E1F63D8C3001CC617 /* ViewController.swift */; };
		D88ACB921F63D8C3001CC617 /* Main.storyboard in Resources */ = {isa = PBXBuildFile; fileRef = D88ACB901F63D8C3001CC617 /* Main.storyboard */; };
		D88ACB941F63D8C3001CC617 /* Assets.xcassets in Resources */ = {isa = PBXBuildFile; fileRef = D88ACB931F63D8C3001CC617 /* Assets.xcassets */; };
		D88ACB971F63D8C3001CC617 /* LaunchScreen.storyboard in Resources */ = {isa = PBXBuildFile; fileRef = D88ACB951F63D8C3001CC617 /* LaunchScreen.storyboard */; };
		D88ACBA21F63D8C3001CC617 /* MoyaCancelTests.swift in Sources */ = {isa = PBXBuildFile; fileRef = D88ACBA11F63D8C3001CC617 /* MoyaCancelTests.swift */; };
		D88ACBAD1F63D9F9001CC617 /* ChatService.swift in Sources */ = {isa = PBXBuildFile; fileRef = D88ACBAC1F63D9F9001CC617 /* ChatService.swift */; };
/* End PBXBuildFile section */

/* Begin PBXContainerItemProxy section */
		D88ACB9E1F63D8C3001CC617 /* PBXContainerItemProxy */ = {
			isa = PBXContainerItemProxy;
			containerPortal = D88ACB811F63D8C3001CC617 /* Project object */;
			proxyType = 1;
			remoteGlobalIDString = D88ACB881F63D8C3001CC617;
			remoteInfo = MoyaCancel;
		};
/* End PBXContainerItemProxy section */

/* Begin PBXFileReference section */
		0B73B66524EE5F57355AC4FC /* Pods_MoyaCancel.framework */ = {isa = PBXFileReference; explicitFileType = wrapper.framework; includeInIndex = 0; path = Pods_MoyaCancel.framework; sourceTree = BUILT_PRODUCTS_DIR; };
		244C18ED2F2D8278D13F2933 /* Pods-MoyaCancelTests.release.xcconfig */ = {isa = PBXFileReference; includeInIndex = 1; lastKnownFileType = text.xcconfig; name = "Pods-MoyaCancelTests.release.xcconfig"; path = "Pods/Target Support Files/Pods-MoyaCancelTests/Pods-MoyaCancelTests.release.xcconfig"; sourceTree = "<group>"; };
		2AC67983D8503156D6657C7A /* Pods-MoyaCancelTests.debug.xcconfig */ = {isa = PBXFileReference; includeInIndex = 1; lastKnownFileType = text.xcconfig; name = "Pods-MoyaCancelTests.debug.xcconfig"; path = "Pods/Target Support Files/Pods-MoyaCancelTests/Pods-MoyaCancelTests.debug.xcconfig"; sourceTree = "<group>"; };
		6F2BE20B396322BFA0F88126 /* Pods-MoyaCancel.release.xcconfig */ = {isa = PBXFileReference; includeInIndex = 1; lastKnownFileType = text.xcconfig; name = "Pods-MoyaCancel.release.xcconfig"; path = "Pods/Target Support Files/Pods-MoyaCancel/Pods-MoyaCancel.release.xcconfig"; sourceTree = "<group>"; };
		A918EFE38F62E5719D3E35CC /* Pods-MoyaCancel.debug.xcconfig */ = {isa = PBXFileReference; includeInIndex = 1; lastKnownFileType = text.xcconfig; name = "Pods-MoyaCancel.debug.xcconfig"; path = "Pods/Target Support Files/Pods-MoyaCancel/Pods-MoyaCancel.debug.xcconfig"; sourceTree = "<group>"; };
		B6DBF8C2F1660EAF8DE342DF /* Pods_MoyaCancelTests.framework */ = {isa = PBXFileReference; explicitFileType = wrapper.framework; includeInIndex = 0; path = Pods_MoyaCancelTests.framework; sourceTree = BUILT_PRODUCTS_DIR; };
		D88ACB891F63D8C3001CC617 /* MoyaCancel.app */ = {isa = PBXFileReference; explicitFileType = wrapper.application; includeInIndex = 0; path = MoyaCancel.app; sourceTree = BUILT_PRODUCTS_DIR; };
		D88ACB8C1F63D8C3001CC617 /* AppDelegate.swift */ = {isa = PBXFileReference; lastKnownFileType = sourcecode.swift; path = AppDelegate.swift; sourceTree = "<group>"; };
		D88ACB8E1F63D8C3001CC617 /* ViewController.swift */ = {isa = PBXFileReference; lastKnownFileType = sourcecode.swift; path = ViewController.swift; sourceTree = "<group>"; };
		D88ACB911F63D8C3001CC617 /* Base */ = {isa = PBXFileReference; lastKnownFileType = file.storyboard; name = Base; path = Base.lproj/Main.storyboard; sourceTree = "<group>"; };
		D88ACB931F63D8C3001CC617 /* Assets.xcassets */ = {isa = PBXFileReference; lastKnownFileType = folder.assetcatalog; path = Assets.xcassets; sourceTree = "<group>"; };
		D88ACB961F63D8C3001CC617 /* Base */ = {isa = PBXFileReference; lastKnownFileType = file.storyboard; name = Base; path = Base.lproj/LaunchScreen.storyboard; sourceTree = "<group>"; };
		D88ACB981F63D8C3001CC617 /* Info.plist */ = {isa = PBXFileReference; lastKnownFileType = text.plist.xml; path = Info.plist; sourceTree = "<group>"; };
		D88ACB9D1F63D8C3001CC617 /* MoyaCancelTests.xctest */ = {isa = PBXFileReference; explicitFileType = wrapper.cfbundle; includeInIndex = 0; path = MoyaCancelTests.xctest; sourceTree = BUILT_PRODUCTS_DIR; };
		D88ACBA11F63D8C3001CC617 /* MoyaCancelTests.swift */ = {isa = PBXFileReference; lastKnownFileType = sourcecode.swift; path = MoyaCancelTests.swift; sourceTree = "<group>"; };
		D88ACBA31F63D8C3001CC617 /* Info.plist */ = {isa = PBXFileReference; lastKnownFileType = text.plist.xml; path = Info.plist; sourceTree = "<group>"; };
		D88ACBAC1F63D9F9001CC617 /* ChatService.swift */ = {isa = PBXFileReference; fileEncoding = 4; lastKnownFileType = sourcecode.swift; path = ChatService.swift; sourceTree = "<group>"; };
/* End PBXFileReference section */

/* Begin PBXFrameworksBuildPhase section */
		D88ACB861F63D8C3001CC617 /* Frameworks */ = {
			isa = PBXFrameworksBuildPhase;
			buildActionMask = 2147483647;
			files = (
				A97CA7E83D69B14B68F49F25 /* Pods_MoyaCancel.framework in Frameworks */,
			);
			runOnlyForDeploymentPostprocessing = 0;
		};
		D88ACB9A1F63D8C3001CC617 /* Frameworks */ = {
			isa = PBXFrameworksBuildPhase;
			buildActionMask = 2147483647;
			files = (
				26EDFA663F52D9BC48C65EBE /* Pods_MoyaCancelTests.framework in Frameworks */,
			);
			runOnlyForDeploymentPostprocessing = 0;
		};
/* End PBXFrameworksBuildPhase section */

/* Begin PBXGroup section */
		2269A0CB64F8A04B3F4D6495 /* Frameworks */ = {
			isa = PBXGroup;
			children = (
				0B73B66524EE5F57355AC4FC /* Pods_MoyaCancel.framework */,
				B6DBF8C2F1660EAF8DE342DF /* Pods_MoyaCancelTests.framework */,
			);
			name = Frameworks;
			sourceTree = "<group>";
		};
		A433B852A7ABA64F0F837E65 /* Pods */ = {
			isa = PBXGroup;
			children = (
				A918EFE38F62E5719D3E35CC /* Pods-MoyaCancel.debug.xcconfig */,
				6F2BE20B396322BFA0F88126 /* Pods-MoyaCancel.release.xcconfig */,
				2AC67983D8503156D6657C7A /* Pods-MoyaCancelTests.debug.xcconfig */,
				244C18ED2F2D8278D13F2933 /* Pods-MoyaCancelTests.release.xcconfig */,
			);
			name = Pods;
			sourceTree = "<group>";
		};
		D88ACB801F63D8C3001CC617 = {
			isa = PBXGroup;
			children = (
				D88ACB8B1F63D8C3001CC617 /* MoyaCancel */,
				D88ACBA01F63D8C3001CC617 /* MoyaCancelTests */,
				D88ACB8A1F63D8C3001CC617 /* Products */,
				A433B852A7ABA64F0F837E65 /* Pods */,
				2269A0CB64F8A04B3F4D6495 /* Frameworks */,
			);
			sourceTree = "<group>";
		};
		D88ACB8A1F63D8C3001CC617 /* Products */ = {
			isa = PBXGroup;
			children = (
				D88ACB891F63D8C3001CC617 /* MoyaCancel.app */,
				D88ACB9D1F63D8C3001CC617 /* MoyaCancelTests.xctest */,
			);
			name = Products;
			sourceTree = "<group>";
		};
		D88ACB8B1F63D8C3001CC617 /* MoyaCancel */ = {
			isa = PBXGroup;
			children = (
				D88ACB8C1F63D8C3001CC617 /* AppDelegate.swift */,
				D88ACB8E1F63D8C3001CC617 /* ViewController.swift */,
				D88ACB901F63D8C3001CC617 /* Main.storyboard */,
				D88ACB931F63D8C3001CC617 /* Assets.xcassets */,
				D88ACB951F63D8C3001CC617 /* LaunchScreen.storyboard */,
				D88ACB981F63D8C3001CC617 /* Info.plist */,
				D88ACBAC1F63D9F9001CC617 /* ChatService.swift */,
			);
			path = MoyaCancel;
			sourceTree = "<group>";
		};
		D88ACBA01F63D8C3001CC617 /* MoyaCancelTests */ = {
			isa = PBXGroup;
			children = (
				D88ACBA11F63D8C3001CC617 /* MoyaCancelTests.swift */,
				D88ACBA31F63D8C3001CC617 /* Info.plist */,
			);
			path = MoyaCancelTests;
			sourceTree = "<group>";
		};
/* End PBXGroup section */

/* Begin PBXNativeTarget section */
		D88ACB881F63D8C3001CC617 /* MoyaCancel */ = {
			isa = PBXNativeTarget;
			buildConfigurationList = D88ACBA61F63D8C3001CC617 /* Build configuration list for PBXNativeTarget "MoyaCancel" */;
			buildPhases = (
				CE9585D20D97FAB937016B43 /* [CP] Check Pods Manifest.lock */,
				D88ACB851F63D8C3001CC617 /* Sources */,
				D88ACB861F63D8C3001CC617 /* Frameworks */,
				D88ACB871F63D8C3001CC617 /* Resources */,
				894A660FD2B8B56DCC2ADDE7 /* [CP] Embed Pods Frameworks */,
				4EA53D7A0A1A9FA611BD9B24 /* [CP] Copy Pods Resources */,
			);
			buildRules = (
			);
			dependencies = (
			);
			name = MoyaCancel;
			productName = MoyaCancel;
			productReference = D88ACB891F63D8C3001CC617 /* MoyaCancel.app */;
			productType = "com.apple.product-type.application";
		};
		D88ACB9C1F63D8C3001CC617 /* MoyaCancelTests */ = {
			isa = PBXNativeTarget;
			buildConfigurationList = D88ACBA91F63D8C3001CC617 /* Build configuration list for PBXNativeTarget "MoyaCancelTests" */;
			buildPhases = (
				DBCC02FACBAB908EF36D330C /* [CP] Check Pods Manifest.lock */,
				D88ACB991F63D8C3001CC617 /* Sources */,
				D88ACB9A1F63D8C3001CC617 /* Frameworks */,
				D88ACB9B1F63D8C3001CC617 /* Resources */,
				8737D0359C9FC0F37D5C95A2 /* [CP] Embed Pods Frameworks */,
				84AEF506D463C0CEB16DA1A0 /* [CP] Copy Pods Resources */,
			);
			buildRules = (
			);
			dependencies = (
				D88ACB9F1F63D8C3001CC617 /* PBXTargetDependency */,
			);
			name = MoyaCancelTests;
			productName = MoyaCancelTests;
			productReference = D88ACB9D1F63D8C3001CC617 /* MoyaCancelTests.xctest */;
			productType = "com.apple.product-type.bundle.unit-test";
		};
/* End PBXNativeTarget section */

/* Begin PBXProject section */
		D88ACB811F63D8C3001CC617 /* Project object */ = {
			isa = PBXProject;
			attributes = {
				LastSwiftUpdateCheck = 0830;
				LastUpgradeCheck = 0830;
				ORGANIZATIONNAME = "Igor Kotkovets";
				TargetAttributes = {
					D88ACB881F63D8C3001CC617 = {
						CreatedOnToolsVersion = 8.3.3;
						DevelopmentTeam = L454S9SQH7;
						ProvisioningStyle = Automatic;
					};
					D88ACB9C1F63D8C3001CC617 = {
						CreatedOnToolsVersion = 8.3.3;
						DevelopmentTeam = L454S9SQH7;
						ProvisioningStyle = Automatic;
						TestTargetID = D88ACB881F63D8C3001CC617;
					};
				};
			};
			buildConfigurationList = D88ACB841F63D8C3001CC617 /* Build configuration list for PBXProject "MoyaCancel" */;
			compatibilityVersion = "Xcode 3.2";
			developmentRegion = English;
			hasScannedForEncodings = 0;
			knownRegions = (
				en,
				Base,
			);
			mainGroup = D88ACB801F63D8C3001CC617;
			productRefGroup = D88ACB8A1F63D8C3001CC617 /* Products */;
			projectDirPath = "";
			projectRoot = "";
			targets = (
				D88ACB881F63D8C3001CC617 /* MoyaCancel */,
				D88ACB9C1F63D8C3001CC617 /* MoyaCancelTests */,
			);
		};
/* End PBXProject section */

/* Begin PBXResourcesBuildPhase section */
		D88ACB871F63D8C3001CC617 /* Resources */ = {
			isa = PBXResourcesBuildPhase;
			buildActionMask = 2147483647;
			files = (
				D88ACB971F63D8C3001CC617 /* LaunchScreen.storyboard in Resources */,
				D88ACB941F63D8C3001CC617 /* Assets.xcassets in Resources */,
				D88ACB921F63D8C3001CC617 /* Main.storyboard in Resources */,
			);
			runOnlyForDeploymentPostprocessing = 0;
		};
		D88ACB9B1F63D8C3001CC617 /* Resources */ = {
			isa = PBXResourcesBuildPhase;
			buildActionMask = 2147483647;
			files = (
			);
			runOnlyForDeploymentPostprocessing = 0;
		};
/* End PBXResourcesBuildPhase section */

/* Begin PBXShellScriptBuildPhase section */
		4EA53D7A0A1A9FA611BD9B24 /* [CP] Copy Pods Resources */ = {
			isa = PBXShellScriptBuildPhase;
			buildActionMask = 2147483647;
			files = (
			);
			inputPaths = (
			);
			name = "[CP] Copy Pods Resources";
			outputPaths = (
			);
			runOnlyForDeploymentPostprocessing = 0;
			shellPath = /bin/sh;
			shellScript = "\"${SRCROOT}/Pods/Target Support Files/Pods-MoyaCancel/Pods-MoyaCancel-resources.sh\"\n";
			showEnvVarsInLog = 0;
		};
		84AEF506D463C0CEB16DA1A0 /* [CP] Copy Pods Resources */ = {
			isa = PBXShellScriptBuildPhase;
			buildActionMask = 2147483647;
			files = (
			);
			inputPaths = (
			);
			name = "[CP] Copy Pods Resources";
			outputPaths = (
			);
			runOnlyForDeploymentPostprocessing = 0;
			shellPath = /bin/sh;
			shellScript = "\"${SRCROOT}/Pods/Target Support Files/Pods-MoyaCancelTests/Pods-MoyaCancelTests-resources.sh\"\n";
			showEnvVarsInLog = 0;
		};
		8737D0359C9FC0F37D5C95A2 /* [CP] Embed Pods Frameworks */ = {
			isa = PBXShellScriptBuildPhase;
			buildActionMask = 2147483647;
			files = (
			);
			inputPaths = (
			);
			name = "[CP] Embed Pods Frameworks";
			outputPaths = (
			);
			runOnlyForDeploymentPostprocessing = 0;
			shellPath = /bin/sh;
			shellScript = "\"${SRCROOT}/Pods/Target Support Files/Pods-MoyaCancelTests/Pods-MoyaCancelTests-frameworks.sh\"\n";
			showEnvVarsInLog = 0;
		};
		894A660FD2B8B56DCC2ADDE7 /* [CP] Embed Pods Frameworks */ = {
			isa = PBXShellScriptBuildPhase;
			buildActionMask = 2147483647;
			files = (
			);
			inputPaths = (
			);
			name = "[CP] Embed Pods Frameworks";
			outputPaths = (
			);
			runOnlyForDeploymentPostprocessing = 0;
			shellPath = /bin/sh;
			shellScript = "\"${SRCROOT}/Pods/Target Support Files/Pods-MoyaCancel/Pods-MoyaCancel-frameworks.sh\"\n";
			showEnvVarsInLog = 0;
		};
		CE9585D20D97FAB937016B43 /* [CP] Check Pods Manifest.lock */ = {
			isa = PBXShellScriptBuildPhase;
			buildActionMask = 2147483647;
			files = (
			);
			inputPaths = (
			);
			name = "[CP] Check Pods Manifest.lock";
			outputPaths = (
			);
			runOnlyForDeploymentPostprocessing = 0;
			shellPath = /bin/sh;
			shellScript = "diff \"${PODS_ROOT}/../Podfile.lock\" \"${PODS_ROOT}/Manifest.lock\" > /dev/null\nif [ $? != 0 ] ; then\n    # print error to STDERR\n    echo \"error: The sandbox is not in sync with the Podfile.lock. Run 'pod install' or update your CocoaPods installation.\" >&2\n    exit 1\nfi\n";
			showEnvVarsInLog = 0;
		};
		DBCC02FACBAB908EF36D330C /* [CP] Check Pods Manifest.lock */ = {
			isa = PBXShellScriptBuildPhase;
			buildActionMask = 2147483647;
			files = (
			);
			inputPaths = (
			);
			name = "[CP] Check Pods Manifest.lock";
			outputPaths = (
			);
			runOnlyForDeploymentPostprocessing = 0;
			shellPath = /bin/sh;
			shellScript = "diff \"${PODS_ROOT}/../Podfile.lock\" \"${PODS_ROOT}/Manifest.lock\" > /dev/null\nif [ $? != 0 ] ; then\n    # print error to STDERR\n    echo \"error: The sandbox is not in sync with the Podfile.lock. Run 'pod install' or update your CocoaPods installation.\" >&2\n    exit 1\nfi\n";
			showEnvVarsInLog = 0;
		};
/* End PBXShellScriptBuildPhase section */

/* Begin PBXSourcesBuildPhase section */
		D88ACB851F63D8C3001CC617 /* Sources */ = {
			isa = PBXSourcesBuildPhase;
			buildActionMask = 2147483647;
			files = (
				D88ACB8F1F63D8C3001CC617 /* ViewController.swift in Sources */,
				D88ACB8D1F63D8C3001CC617 /* AppDelegate.swift in Sources */,
				D88ACBAD1F63D9F9001CC617 /* ChatService.swift in Sources */,
			);
			runOnlyForDeploymentPostprocessing = 0;
		};
		D88ACB991F63D8C3001CC617 /* Sources */ = {
			isa = PBXSourcesBuildPhase;
			buildActionMask = 2147483647;
			files = (
				D88ACBA21F63D8C3001CC617 /* MoyaCancelTests.swift in Sources */,
			);
			runOnlyForDeploymentPostprocessing = 0;
		};
/* End PBXSourcesBuildPhase section */

/* Begin PBXTargetDependency section */
		D88ACB9F1F63D8C3001CC617 /* PBXTargetDependency */ = {
			isa = PBXTargetDependency;
			target = D88ACB881F63D8C3001CC617 /* MoyaCancel */;
			targetProxy = D88ACB9E1F63D8C3001CC617 /* PBXContainerItemProxy */;
		};
/* End PBXTargetDependency section */

/* Begin PBXVariantGroup section */
		D88ACB901F63D8C3001CC617 /* Main.storyboard */ = {
			isa = PBXVariantGroup;
			children = (
				D88ACB911F63D8C3001CC617 /* Base */,
			);
			name = Main.storyboard;
			sourceTree = "<group>";
		};
		D88ACB951F63D8C3001CC617 /* LaunchScreen.storyboard */ = {
			isa = PBXVariantGroup;
			children = (
				D88ACB961F63D8C3001CC617 /* Base */,
			);
			name = LaunchScreen.storyboard;
			sourceTree = "<group>";
		};
/* End PBXVariantGroup section */

/* Begin XCBuildConfiguration section */
		D88ACBA41F63D8C3001CC617 /* Debug */ = {
			isa = XCBuildConfiguration;
			buildSettings = {
				ALWAYS_SEARCH_USER_PATHS = NO;
				CLANG_ANALYZER_NONNULL = YES;
				CLANG_ANALYZER_NUMBER_OBJECT_CONVERSION = YES_AGGRESSIVE;
				CLANG_CXX_LANGUAGE_STANDARD = "gnu++0x";
				CLANG_CXX_LIBRARY = "libc++";
				CLANG_ENABLE_MODULES = YES;
				CLANG_ENABLE_OBJC_ARC = YES;
				CLANG_WARN_BOOL_CONVERSION = YES;
				CLANG_WARN_CONSTANT_CONVERSION = YES;
				CLANG_WARN_DIRECT_OBJC_ISA_USAGE = YES_ERROR;
				CLANG_WARN_DOCUMENTATION_COMMENTS = YES;
				CLANG_WARN_EMPTY_BODY = YES;
				CLANG_WARN_ENUM_CONVERSION = YES;
				CLANG_WARN_INFINITE_RECURSION = YES;
				CLANG_WARN_INT_CONVERSION = YES;
				CLANG_WARN_OBJC_ROOT_CLASS = YES_ERROR;
				CLANG_WARN_SUSPICIOUS_MOVE = YES;
				CLANG_WARN_UNREACHABLE_CODE = YES;
				CLANG_WARN__DUPLICATE_METHOD_MATCH = YES;
				"CODE_SIGN_IDENTITY[sdk=iphoneos*]" = "iPhone Developer";
				COPY_PHASE_STRIP = NO;
				DEBUG_INFORMATION_FORMAT = dwarf;
				ENABLE_STRICT_OBJC_MSGSEND = YES;
				ENABLE_TESTABILITY = YES;
				GCC_C_LANGUAGE_STANDARD = gnu99;
				GCC_DYNAMIC_NO_PIC = NO;
				GCC_NO_COMMON_BLOCKS = YES;
				GCC_OPTIMIZATION_LEVEL = 0;
				GCC_PREPROCESSOR_DEFINITIONS = (
					"DEBUG=1",
					"$(inherited)",
				);
				GCC_WARN_64_TO_32_BIT_CONVERSION = YES;
				GCC_WARN_ABOUT_RETURN_TYPE = YES_ERROR;
				GCC_WARN_UNDECLARED_SELECTOR = YES;
				GCC_WARN_UNINITIALIZED_AUTOS = YES_AGGRESSIVE;
				GCC_WARN_UNUSED_FUNCTION = YES;
				GCC_WARN_UNUSED_VARIABLE = YES;
				IPHONEOS_DEPLOYMENT_TARGET = 10.3;
				MTL_ENABLE_DEBUG_INFO = YES;
				ONLY_ACTIVE_ARCH = YES;
				SDKROOT = iphoneos;
				SWIFT_ACTIVE_COMPILATION_CONDITIONS = DEBUG;
				SWIFT_OPTIMIZATION_LEVEL = "-Onone";
				TARGETED_DEVICE_FAMILY = "1,2";
			};
			name = Debug;
		};
		D88ACBA51F63D8C3001CC617 /* Release */ = {
			isa = XCBuildConfiguration;
			buildSettings = {
				ALWAYS_SEARCH_USER_PATHS = NO;
				CLANG_ANALYZER_NONNULL = YES;
				CLANG_ANALYZER_NUMBER_OBJECT_CONVERSION = YES_AGGRESSIVE;
				CLANG_CXX_LANGUAGE_STANDARD = "gnu++0x";
				CLANG_CXX_LIBRARY = "libc++";
				CLANG_ENABLE_MODULES = YES;
				CLANG_ENABLE_OBJC_ARC = YES;
				CLANG_WARN_BOOL_CONVERSION = YES;
				CLANG_WARN_CONSTANT_CONVERSION = YES;
				CLANG_WARN_DIRECT_OBJC_ISA_USAGE = YES_ERROR;
				CLANG_WARN_DOCUMENTATION_COMMENTS = YES;
				CLANG_WARN_EMPTY_BODY = YES;
				CLANG_WARN_ENUM_CONVERSION = YES;
				CLANG_WARN_INFINITE_RECURSION = YES;
				CLANG_WARN_INT_CONVERSION = YES;
				CLANG_WARN_OBJC_ROOT_CLASS = YES_ERROR;
				CLANG_WARN_SUSPICIOUS_MOVE = YES;
				CLANG_WARN_UNREACHABLE_CODE = YES;
				CLANG_WARN__DUPLICATE_METHOD_MATCH = YES;
				"CODE_SIGN_IDENTITY[sdk=iphoneos*]" = "iPhone Developer";
				COPY_PHASE_STRIP = NO;
				DEBUG_INFORMATION_FORMAT = "dwarf-with-dsym";
				ENABLE_NS_ASSERTIONS = NO;
				ENABLE_STRICT_OBJC_MSGSEND = YES;
				GCC_C_LANGUAGE_STANDARD = gnu99;
				GCC_NO_COMMON_BLOCKS = YES;
				GCC_WARN_64_TO_32_BIT_CONVERSION = YES;
				GCC_WARN_ABOUT_RETURN_TYPE = YES_ERROR;
				GCC_WARN_UNDECLARED_SELECTOR = YES;
				GCC_WARN_UNINITIALIZED_AUTOS = YES_AGGRESSIVE;
				GCC_WARN_UNUSED_FUNCTION = YES;
				GCC_WARN_UNUSED_VARIABLE = YES;
				IPHONEOS_DEPLOYMENT_TARGET = 10.3;
				MTL_ENABLE_DEBUG_INFO = NO;
				SDKROOT = iphoneos;
				SWIFT_OPTIMIZATION_LEVEL = "-Owholemodule";
				TARGETED_DEVICE_FAMILY = "1,2";
				VALIDATE_PRODUCT = YES;
			};
			name = Release;
		};
		D88ACBA71F63D8C3001CC617 /* Debug */ = {
			isa = XCBuildConfiguration;
			baseConfigurationReference = A918EFE38F62E5719D3E35CC /* Pods-MoyaCancel.debug.xcconfig */;
			buildSettings = {
				ASSETCATALOG_COMPILER_APPICON_NAME = AppIcon;
				DEVELOPMENT_TEAM = L454S9SQH7;
				INFOPLIST_FILE = MoyaCancel/Info.plist;
				LD_RUNPATH_SEARCH_PATHS = "$(inherited) @executable_path/Frameworks";
				PRODUCT_BUNDLE_IDENTIFIER = IK.MoyaCancel;
				PRODUCT_NAME = "$(TARGET_NAME)";
				SWIFT_VERSION = 3.0;
			};
			name = Debug;
		};
		D88ACBA81F63D8C3001CC617 /* Release */ = {
			isa = XCBuildConfiguration;
			baseConfigurationReference = 6F2BE20B396322BFA0F88126 /* Pods-MoyaCancel.release.xcconfig */;
			buildSettings = {
				ASSETCATALOG_COMPILER_APPICON_NAME = AppIcon;
				DEVELOPMENT_TEAM = L454S9SQH7;
				INFOPLIST_FILE = MoyaCancel/Info.plist;
				LD_RUNPATH_SEARCH_PATHS = "$(inherited) @executable_path/Frameworks";
				PRODUCT_BUNDLE_IDENTIFIER = IK.MoyaCancel;
				PRODUCT_NAME = "$(TARGET_NAME)";
				SWIFT_VERSION = 3.0;
			};
			name = Release;
		};
		D88ACBAA1F63D8C3001CC617 /* Debug */ = {
			isa = XCBuildConfiguration;
			baseConfigurationReference = 2AC67983D8503156D6657C7A /* Pods-MoyaCancelTests.debug.xcconfig */;
			buildSettings = {
				ALWAYS_EMBED_SWIFT_STANDARD_LIBRARIES = YES;
				BUNDLE_LOADER = "$(TEST_HOST)";
				DEVELOPMENT_TEAM = L454S9SQH7;
				INFOPLIST_FILE = MoyaCancelTests/Info.plist;
				LD_RUNPATH_SEARCH_PATHS = "$(inherited) @executable_path/Frameworks @loader_path/Frameworks";
				PRODUCT_BUNDLE_IDENTIFIER = IK.MoyaCancelTests;
				PRODUCT_NAME = "$(TARGET_NAME)";
				SWIFT_VERSION = 3.0;
				TEST_HOST = "$(BUILT_PRODUCTS_DIR)/MoyaCancel.app/MoyaCancel";
			};
			name = Debug;
		};
		D88ACBAB1F63D8C3001CC617 /* Release */ = {
			isa = XCBuildConfiguration;
			baseConfigurationReference = 244C18ED2F2D8278D13F2933 /* Pods-MoyaCancelTests.release.xcconfig */;
			buildSettings = {
				ALWAYS_EMBED_SWIFT_STANDARD_LIBRARIES = YES;
				BUNDLE_LOADER = "$(TEST_HOST)";
				DEVELOPMENT_TEAM = L454S9SQH7;
				INFOPLIST_FILE = MoyaCancelTests/Info.plist;
				LD_RUNPATH_SEARCH_PATHS = "$(inherited) @executable_path/Frameworks @loader_path/Frameworks";
				PRODUCT_BUNDLE_IDENTIFIER = IK.MoyaCancelTests;
				PRODUCT_NAME = "$(TARGET_NAME)";
				SWIFT_VERSION = 3.0;
				TEST_HOST = "$(BUILT_PRODUCTS_DIR)/MoyaCancel.app/MoyaCancel";
			};
			name = Release;
		};
/* End XCBuildConfiguration section */

/* Begin XCConfigurationList section */
		D88ACB841F63D8C3001CC617 /* Build configuration list for PBXProject "MoyaCancel" */ = {
			isa = XCConfigurationList;
			buildConfigurations = (
				D88ACBA41F63D8C3001CC617 /* Debug */,
				D88ACBA51F63D8C3001CC617 /* Release */,
			);
			defaultConfigurationIsVisible = 0;
			defaultConfigurationName = Release;
		};
		D88ACBA61F63D8C3001CC617 /* Build configuration list for PBXNativeTarget "MoyaCancel" */ = {
			isa = XCConfigurationList;
			buildConfigurations = (
				D88ACBA71F63D8C3001CC617 /* Debug */,
				D88ACBA81F63D8C3001CC617 /* Release */,
			);
			defaultConfigurationIsVisible = 0;
			defaultConfigurationName = Release;
		};
		D88ACBA91F63D8C3001CC617 /* Build configuration list for PBXNativeTarget "MoyaCancelTests" */ = {
			isa = XCConfigurationList;
			buildConfigurations = (
				D88ACBAA1F63D8C3001CC617 /* Debug */,
				D88ACBAB1F63D8C3001CC617 /* Release */,
			);
			defaultConfigurationIsVisible = 0;
			defaultConfigurationName = Release;
		};
/* End XCConfigurationList section */
	};
	rootObject = D88ACB811F63D8C3001CC617 /* Project object */;
}
